
Microsoft Visual Studio Solution File, Format Version 12.00
# Visual Studio 2012
Project("{FAE04EC0-301F-11D3-BF4B-00C04F79EFBC}") = "HighconWebsite", "HighconWebsite\HighconWebsite.csproj", "{2425EC28-3A11-4DDE-B4BB-560143CDF90D}"
EndProject
Project("{FAE04EC0-301F-11D3-BF4B-00C04F79EFBC}") = "Highcon.Logic", "Highcon.Logic\Highcon.Logic.csproj", "{0ED0CE93-8A8B-446B-A847-7DF711FC80C4}"
EndProject
Global
	GlobalSection(SolutionConfigurationPlatforms) = preSolution
		Debug|Any CPU = Debug|Any CPU
		Release|Any CPU = Release|Any CPU
	EndGlobalSection
	GlobalSection(ProjectConfigurationPlatforms) = postSolution
		{2425EC28-3A11-4DDE-B4BB-560143CDF90D}.Debug|Any CPU.ActiveCfg = Debug|Any CPU
		{2425EC28-3A11-4DDE-B4BB-560143CDF90D}.Debug|Any CPU.Build.0 = Debug|Any CPU
		{2425EC28-3A11-4DDE-B4BB-560143CDF90D}.Release|Any CPU.ActiveCfg = Release|Any CPU
		{2425EC28-3A11-4DDE-B4BB-560143CDF90D}.Release|Any CPU.Build.0 = Release|Any CPU
		{0ED0CE93-8A8B-446B-A847-7DF711FC80C4}.Debug|Any CPU.ActiveCfg = Debug|Any CPU
		{0ED0CE93-8A8B-446B-A847-7DF711FC80C4}.Debug|Any CPU.Build.0 = Debug|Any CPU
		{0ED0CE93-8A8B-446B-A847-7DF711FC80C4}.Release|Any CPU.ActiveCfg = Release|Any CPU
		{0ED0CE93-8A8B-446B-A847-7DF711FC80C4}.Release|Any CPU.Build.0 = Release|Any CPU
	EndGlobalSection
	GlobalSection(SolutionProperties) = preSolution
		HideSolutionNode = FALSE
	EndGlobalSection
EndGlobal
